{
  "name": "afiliados",
  "version": "1.0.0",
  "lockfileVersion": 3,
  "requires": true,
  "packages": {
    "": {
      "name": "afiliados",
      "version": "1.0.0",
      "license": "ISC",
      "dependencies": {
        "@google/genai": "^0.24.1"
      },
      "devDependencies": {}
    },
    "node_modules/@google/genai": {
      "version": "0.24.1",
      "resolved": "https://registry.npmjs.org/@google/genai/-/genai-0.24.1.tgz",
      "integrity": "sha512-VbW1CIgs2LNW2i33SySQv6t35vE6xJ421f5kTMHDs7pOf2/Qx5Z8FEj/EMM4WlhYlfrDk2JOeSjD/wIkdK5lAw==",
      "license": "Apache-2.0",
      "engines": {
        "node": ">=18.0.0"
      }
    }
  }
}