{
  "name": "afiliados",
  "version": "1.0.0",
  "lockfileVersion": 3,
  "requires": true,
  "packages": {
    "": {
      "name": "afiliados",
      "version": "1.0.0",
      "license": "ISC",
      "dependencies": {
        "@google/genai": "0.13.0"
      }
    },
    "node_modules/@google/genai": {
      "version": "0.13.0",
      "resolved": "https://registry.npmjs.org/@google/genai/-/genai-0.13.0.tgz",
      "integrity": "sha512-34TdIsy7vA59g1JgSg7aP2T9g2mksM9pE2TaTCi3zQ1J8UaIMv3h+kzgk3sWwxj6QSrZKeQW/Yy83wSS2oGmLQ==",
      "license": "Apache-2.0",
      "engines": {
        "node": ">=18.0.0"
      }
    }
  }
}