{
  "name": "afiliados",
  "version": "1.0.0",
  "lockfileVersion": 3,
  "requires": true,
  "packages": {
    "": {
      "name": "afiliados",
      "version": "1.0.0",
      "license": "ISC",
      "dependencies": {
        "@google/genai": "^0.12.0"
      }
    },
    "node_modules/@google/genai": {
      "version": "0.12.0",
      "resolved": "https://registry.npmjs.org/@google/genai/-/genai-0.12.0.tgz",
      "integrity": "sha512-E5cPTQ4/NpLSf6LpvA7w5p4p+W5N3fEPjEdF419N58jUa2mN44yE59CoyO6/+S/zghd1b6q7JMEjGg+2J40C2g==",
      "license": "Apache-2.0",
      "engines": {
        "node": ">=18.0.0"
      }
    }
  }
}
